<Solution>
  <Folder Name="/src/">
    <Project Path="src\Api\Api.csproj" />
    <Project Path="src/Models/Models.csproj" />
  </Folder>
  <Folder Name="/src/Integrations/">
    <Project Path="src/Integrations/CattleApi/CattleApi.csproj" />
  </Folder>
  <Folder Name="/tests/">
    <Project Path="tests\Api.Tests\Api.Tests.csproj" />
  </Folder>
  <Folder Name="/tests/Integrations/">
    <Project Path="tests\Integrations\CattleApi.Tests\CattleApi.Tests.csproj" />
  </Folder>
</Solution>
